
Microsoft Visual Studio Solution File, Format Version 12.00
Project("{FAE04EC0-301F-11D3-BF4B-00C04F79EFBC}") = "adapter", "adapter\adapter.csproj", "{B6709FF4-FE1E-41FB-A5A9-2304FB400331}"
EndProject
Global
	GlobalSection(SolutionConfigurationPlatforms) = preSolution
		Debug|Any CPU = Debug|Any CPU
		Release|Any CPU = Release|Any CPU
	EndGlobalSection
	GlobalSection(ProjectConfigurationPlatforms) = postSolution
		{B6709FF4-FE1E-41FB-A5A9-2304FB400331}.Debug|Any CPU.ActiveCfg = Debug|Any CPU
		{B6709FF4-FE1E-41FB-A5A9-2304FB400331}.Debug|Any CPU.Build.0 = Debug|Any CPU
		{B6709FF4-FE1E-41FB-A5A9-2304FB400331}.Release|Any CPU.ActiveCfg = Release|Any CPU
		{B6709FF4-FE1E-41FB-A5A9-2304FB400331}.Release|Any CPU.Build.0 = Release|Any CPU
	EndGlobalSection
EndGlobal
