
Microsoft Visual Studio Solution File, Format Version 12.00
Project("{FAE04EC0-301F-11D3-BF4B-00C04F79EFBC}") = "Bridge", "Bridge\Bridge.csproj", "{D475ABDA-B85B-4386-BC3D-FE9365D9E8BD}"
EndProject
Global
	GlobalSection(SolutionConfigurationPlatforms) = preSolution
		Debug|Any CPU = Debug|Any CPU
		Release|Any CPU = Release|Any CPU
	EndGlobalSection
	GlobalSection(ProjectConfigurationPlatforms) = postSolution
		{D475ABDA-B85B-4386-BC3D-FE9365D9E8BD}.Debug|Any CPU.ActiveCfg = Debug|Any CPU
		{D475ABDA-B85B-4386-BC3D-FE9365D9E8BD}.Debug|Any CPU.Build.0 = Debug|Any CPU
		{D475ABDA-B85B-4386-BC3D-FE9365D9E8BD}.Release|Any CPU.ActiveCfg = Release|Any CPU
		{D475ABDA-B85B-4386-BC3D-FE9365D9E8BD}.Release|Any CPU.Build.0 = Release|Any CPU
	EndGlobalSection
EndGlobal
