
Microsoft Visual Studio Solution File, Format Version 12.00
Project("{FAE04EC0-301F-11D3-BF4B-00C04F79EFBC}") = "ChainOfResponsibility", "ChainOfResponsibility\ChainOfResponsibility.csproj", "{DF85F869-0852-4B9B-ADBF-81A51BFC548D}"
EndProject
Global
	GlobalSection(SolutionConfigurationPlatforms) = preSolution
		Debug|Any CPU = Debug|Any CPU
		Release|Any CPU = Release|Any CPU
	EndGlobalSection
	GlobalSection(ProjectConfigurationPlatforms) = postSolution
		{DF85F869-0852-4B9B-ADBF-81A51BFC548D}.Debug|Any CPU.ActiveCfg = Debug|Any CPU
		{DF85F869-0852-4B9B-ADBF-81A51BFC548D}.Debug|Any CPU.Build.0 = Debug|Any CPU
		{DF85F869-0852-4B9B-ADBF-81A51BFC548D}.Release|Any CPU.ActiveCfg = Release|Any CPU
		{DF85F869-0852-4B9B-ADBF-81A51BFC548D}.Release|Any CPU.Build.0 = Release|Any CPU
	EndGlobalSection
EndGlobal
