
Microsoft Visual Studio Solution File, Format Version 12.00
Project("{FAE04EC0-301F-11D3-BF4B-00C04F79EFBC}") = "Momento", "Momento\Momento.csproj", "{81E941A7-AB5C-4A5A-83BB-564AE05CC649}"
EndProject
Global
	GlobalSection(SolutionConfigurationPlatforms) = preSolution
		Debug|Any CPU = Debug|Any CPU
		Release|Any CPU = Release|Any CPU
	EndGlobalSection
	GlobalSection(ProjectConfigurationPlatforms) = postSolution
		{81E941A7-AB5C-4A5A-83BB-564AE05CC649}.Debug|Any CPU.ActiveCfg = Debug|Any CPU
		{81E941A7-AB5C-4A5A-83BB-564AE05CC649}.Debug|Any CPU.Build.0 = Debug|Any CPU
		{81E941A7-AB5C-4A5A-83BB-564AE05CC649}.Release|Any CPU.ActiveCfg = Release|Any CPU
		{81E941A7-AB5C-4A5A-83BB-564AE05CC649}.Release|Any CPU.Build.0 = Release|Any CPU
	EndGlobalSection
EndGlobal
